
Microsoft Visual Studio Solution File, Format Version 12.00
# Visual Studio Version 17
VisualStudioVersion = 17.6.33723.286
MinimumVisualStudioVersion = 10.0.40219.1
Project("{FAE04EC0-301F-11D3-BF4B-00C04F79EFBC}") = "APIwithCodeFirst", "APIwithCodeFirst\APIwithCodeFirst.csproj", "{4112E7FF-AB8C-40DF-A3BA-65B863AC58F8}"
EndProject
Global
	GlobalSection(SolutionConfigurationPlatforms) = preSolution
		Debug|Any CPU = Debug|Any CPU
		Release|Any CPU = Release|Any CPU
	EndGlobalSection
	GlobalSection(ProjectConfigurationPlatforms) = postSolution
		{4112E7FF-AB8C-40DF-A3BA-65B863AC58F8}.Debug|Any CPU.ActiveCfg = Debug|Any CPU
		{4112E7FF-AB8C-40DF-A3BA-65B863AC58F8}.Debug|Any CPU.Build.0 = Debug|Any CPU
		{4112E7FF-AB8C-40DF-A3BA-65B863AC58F8}.Release|Any CPU.ActiveCfg = Release|Any CPU
		{4112E7FF-AB8C-40DF-A3BA-65B863AC58F8}.Release|Any CPU.Build.0 = Release|Any CPU
	EndGlobalSection
	GlobalSection(SolutionProperties) = preSolution
		HideSolutionNode = FALSE
	EndGlobalSection
	GlobalSection(ExtensibilityGlobals) = postSolution
		SolutionGuid = {ADE0D82B-FC7F-46C9-AF4E-AE053D4458A2}
	EndGlobalSection
EndGlobal
